
Microsoft Visual Studio Solution File, Format Version 12.00
# Visual Studio Version 17
VisualStudioVersion = 17.2.32616.157
MinimumVisualStudioVersion = 10.0.40219.1
Project("{FAE04EC0-301F-11D3-BF4B-00C04F79EFBC}") = "SmartOdyssey", "SmartOdyssey.csproj", "{828FA278-6226-2832-ED86-66BA95D3F847}"
EndProject
Global
	GlobalSection(SolutionConfigurationPlatforms) = preSolution
		Debug|Any CPU = Debug|Any CPU
		Release|Any CPU = Release|Any CPU
	EndGlobalSection
	GlobalSection(ProjectConfigurationPlatforms) = postSolution
		{828FA278-6226-2832-ED86-66BA95D3F847}.Debug|Any CPU.ActiveCfg = Debug|Any CPU
		{828FA278-6226-2832-ED86-66BA95D3F847}.Debug|Any CPU.Build.0 = Debug|Any CPU
		{828FA278-6226-2832-ED86-66BA95D3F847}.Release|Any CPU.ActiveCfg = Release|Any CPU
		{828FA278-6226-2832-ED86-66BA95D3F847}.Release|Any CPU.Build.0 = Release|Any CPU
	EndGlobalSection
	GlobalSection(SolutionProperties) = preSolution
		HideSolutionNode = FALSE
	EndGlobalSection
	GlobalSection(ExtensibilityGlobals) = postSolution
		SolutionGuid = {6B25F073-BA3C-4632-A384-7175932F2EEF}
	EndGlobalSection
EndGlobal
